<?xml version="1.0" encoding="utf-8"?>
<Project ToolsVersion="4.0" xmlns="http://schemas.microsoft.com/developer/msbuild/2003">
  <ItemGroup>
    <Filter Include="Source Files">
      <UniqueIdentifier>{2de1668a-7ca7-4fb6-9f9b-6b2a0d29fd3d}</UniqueIdentifier>
      <Extensions>cpp;c;cxx;def;odl;idl;hpj;bat;asm</Extensions>
    </Filter>
    <Filter Include="Header Files">
      <UniqueIdentifier>{066f5b1c-bc3d-419c-8190-1abaff226b7e}</UniqueIdentifier>
      <Extensions>h;hpp;hxx;hm;inl;inc</Extensions>
    </Filter>
    <Filter Include="Resource Files">
      <UniqueIdentifier>{c7166418-1572-4700-bc28-74bbca99cfbf}</UniqueIdentifier>
      <Extensions>rc;ico;cur;bmp;dlg;rc2;rct;bin;rgs;gif;jpg;jpeg;jpe</Extensions>
    </Filter>
  </ItemGroup>
  <ItemGroup>
    <ClCompile Include="..\src\fuzz.c">
      <Filter>Source Files</Filter>
    </ClCompile>
    <ClCompile Include="..\src\portable_subset.c">
      <Filter>Source Files</Filter>
    </ClCompile>
    <ClCompile Include="..\src\unit_test.c">
      <Filter>Source Files</Filter>
    </ClCompile>
    <ClCompile Include="..\src\unit_test_options.c">
      <Filter>Source Files</Filter>
    </ClCompile>
    <ClCompile Include="..\src\unit_test_status.c">
      <Filter>Source Files</Filter>
    </ClCompile>
  </ItemGroup>
  <ItemGroup>
    <ClInclude Include="..\include\xpc\fuzz.h">
      <Filter>Header Files</Filter>
    </ClInclude>
    <ClInclude Include="..\include\xpc\macros_subset.h">
      <Filter>Header Files</Filter>
    </ClInclude>
    <ClInclude Include="..\include\xpc\portable_subset.h">
      <Filter>Header Files</Filter>
    </ClInclude>
    <ClInclude Include="..\include\xpc\unit_test.h">
      <Filter>Header Files</Filter>
    </ClInclude>
    <ClInclude Include="..\include\xpc\unit_test_options.h">
      <Filter>Header Files</Filter>
    </ClInclude>
    <ClInclude Include="..\include\xpc\unit_test_status.h">
      <Filter>Header Files</Filter>
    </ClInclude>
    <ClInclude Include="xpc-config.h">
      <Filter>Header Files</Filter>
    </ClInclude>
  </ItemGroup>
</Project>